# THIS IS AN AUTOGENERATED FILE. DO NOT EDIT THIS FILE DIRECTLY.
# yarn lockfile v1


react-docgen-typescript@^1.22.0:
  version "1.22.0"
  resolved "https://registry.yarnpkg.com/react-docgen-typescript/-/react-docgen-typescript-1.22.0.tgz#00232c8e8e47f4437cac133b879b3e9437284bee"
  integrity sha512-MPLbF8vzRwAG3GcjdL+OHQlhgtWsLTXs+7uJiHfEeT3Ur7IsZaNYqRTLQ9sj2nB6M6jylcPCeCmH7qbszJmecg==

typescript@^4.2.4:
  version "4.2.4"
  resolved "https://registry.yarnpkg.com/typescript/-/typescript-4.2.4.tgz#8610b59747de028fda898a8aef0e103f156d0961"
  integrity sha512-V+evlYHZnQkaz8TRBuxTA92yZBPotr5H+WhQ7bD3hZUndx5tGOa1fuCgeSjxAzM1RiN5IzvadIXTVefuuwZCRg==
